
Microsoft Visual Studio Solution File, Format Version 12.00
# Visual Studio Version 17
VisualStudioVersion = 17.5.002.0
MinimumVisualStudioVersion = 10.0.40219.1
Project("{9A19103F-16F7-4668-BE54-9A1E7A4F7556}") = "RetoLogica-3", "RetoLogica-3.csproj", "{1955423F-3349-4A6D-8784-20CC41818BF4}"
EndProject
Global
	GlobalSection(SolutionConfigurationPlatforms) = preSolution
		Debug|Any CPU = Debug|Any CPU
		Release|Any CPU = Release|Any CPU
	EndGlobalSection
	GlobalSection(ProjectConfigurationPlatforms) = postSolution
		{1955423F-3349-4A6D-8784-20CC41818BF4}.Debug|Any CPU.ActiveCfg = Debug|Any CPU
		{1955423F-3349-4A6D-8784-20CC41818BF4}.Debug|Any CPU.Build.0 = Debug|Any CPU
		{1955423F-3349-4A6D-8784-20CC41818BF4}.Release|Any CPU.ActiveCfg = Release|Any CPU
		{1955423F-3349-4A6D-8784-20CC41818BF4}.Release|Any CPU.Build.0 = Release|Any CPU
	EndGlobalSection
	GlobalSection(SolutionProperties) = preSolution
		HideSolutionNode = FALSE
	EndGlobalSection
	GlobalSection(ExtensibilityGlobals) = postSolution
		SolutionGuid = {839FD640-0E1A-4D97-A743-AC10B4D7611C}
	EndGlobalSection
EndGlobal
